
Microsoft Visual Studio Solution File, Format Version 12.00
Project("{FAE04EC0-301F-11D3-BF4B-00C04F79EFBC}") = "Jessas_Pet_Grooming", "Jessas_Pet_Grooming\Jessas_Pet_Grooming.csproj", "{350E6888-B6DA-4ACF-9D79-87732E8F6EDA}"
EndProject
Global
	GlobalSection(SolutionConfigurationPlatforms) = preSolution
		Debug|Any CPU = Debug|Any CPU
		Release|Any CPU = Release|Any CPU
	EndGlobalSection
	GlobalSection(ProjectConfigurationPlatforms) = postSolution
		{350E6888-B6DA-4ACF-9D79-87732E8F6EDA}.Debug|Any CPU.ActiveCfg = Debug|Any CPU
		{350E6888-B6DA-4ACF-9D79-87732E8F6EDA}.Debug|Any CPU.Build.0 = Debug|Any CPU
		{350E6888-B6DA-4ACF-9D79-87732E8F6EDA}.Release|Any CPU.ActiveCfg = Release|Any CPU
		{350E6888-B6DA-4ACF-9D79-87732E8F6EDA}.Release|Any CPU.Build.0 = Release|Any CPU
	EndGlobalSection
EndGlobal
